{
  "name": "nat-upnp",
  "version": "1.1.1",
  "lockfileVersion": 2,
  "requires": true,
  "packages": {
    "": {
      "name": "nat-upnp",
      "version": "1.1.1",
      "dependencies": {
        "async": "^3.2.5",
        "ip": "^2.0.1",
        "xml2js": "^0.1.14"
      }
    },
    "node_modules/async": {
      "version": "3.2.5",
      "resolved": "https://registry.npmjs.org/async/-/async-3.2.5.tgz",
      "integrity": "sha512-baNZyqaaLhyLVKm/DlvdW051MSgO6b8eVfIezl9E5PqWxFgzLm/wQntEW4zOytVburDEr0JlALEpdOFwvErLsg=="
    },
    "node_modules/ip": {
      "version": "2.0.1",
      "resolved": "https://registry.npmjs.org/ip/-/ip-2.0.1.tgz",
      "integrity": "sha512-lJUL9imLTNi1ZfXT+DU6rBBdbiKGBuay9B6xGSPVjUeQwaH1RIGqef8RZkUtHioLmSNpPR5M4HVKJGm1j8FWVQ=="
    },
    "node_modules/sax": {
      "version": "1.2.4",
      "resolved": "https://registry.npmjs.org/sax/-/sax-1.2.4.tgz",
      "integrity": "sha512-NqVDv9TpANUjFm0N8uM5GxL36UgKi9/atZw+x7YFnQ8ckwFGKrl4xX4yWtrey3UJm5nP1kUbnYgLopqWNSRhWw=="
    },
    "node_modules/xml2js": {
      "version": "0.1.14",
      "resolved": "https://registry.npmjs.org/xml2js/-/xml2js-0.1.14.tgz",
      "integrity": "sha512-pbdws4PPPNc1HPluSUKamY4GWMk592K7qwcj6BExbVOhhubub8+pMda/ql68b6L3luZs/OGjGSB5goV7SnmgnA==",
      "dependencies": {
        "sax": ">=0.1.1"
      },
      "engines": {
        "node": "*"
      }
    }
  },
  "dependencies": {
    "async": {
      "version": "3.2.5",
      "resolved": "https://registry.npmjs.org/async/-/async-3.2.5.tgz",
      "integrity": "sha512-baNZyqaaLhyLVKm/DlvdW051MSgO6b8eVfIezl9E5PqWxFgzLm/wQntEW4zOytVburDEr0JlALEpdOFwvErLsg=="
    },
    "ip": {
      "version": "2.0.1",
      "resolved": "https://registry.npmjs.org/ip/-/ip-2.0.1.tgz",
      "integrity": "sha512-lJUL9imLTNi1ZfXT+DU6rBBdbiKGBuay9B6xGSPVjUeQwaH1RIGqef8RZkUtHioLmSNpPR5M4HVKJGm1j8FWVQ=="
    },
    "sax": {
      "version": "1.2.4",
      "resolved": "https://registry.npmjs.org/sax/-/sax-1.2.4.tgz",
      "integrity": "sha512-NqVDv9TpANUjFm0N8uM5GxL36UgKi9/atZw+x7YFnQ8ckwFGKrl4xX4yWtrey3UJm5nP1kUbnYgLopqWNSRhWw=="
    },
    "xml2js": {
      "version": "0.1.14",
      "resolved": "https://registry.npmjs.org/xml2js/-/xml2js-0.1.14.tgz",
      "integrity": "sha512-pbdws4PPPNc1HPluSUKamY4GWMk592K7qwcj6BExbVOhhubub8+pMda/ql68b6L3luZs/OGjGSB5goV7SnmgnA==",
      "requires": {
        "sax": ">=0.1.1"
      }
    }
  }
}
